{
  "nodes": {
    "advisory-db": {
      "flake": false,
      "locked": {
        "lastModified": 1703184318,
        "narHash": "sha256-vx2/goSpegxiFc7e1jKNHzBkhnsIQjriV4GZLaVe17M=",
        "owner": "rustsec",
        "repo": "advisory-db",
        "rev": "a5fb72de318a74eb69a2c241c0e46705684a35d0",
        "type": "github"
      },
      "original": {
        "owner": "rustsec",
        "repo": "advisory-db",
        "type": "github"
      }
    },
    "crane": {
      "inputs": {
        "nixpkgs": [
          "nixpkgs"
        ]
      },
      "locked": {
        "lastModified": 1703439018,
        "narHash": "sha256-VT+06ft/x3eMZ1MJxWzQP3zXFGcrxGo5VR2rB7t88hs=",
        "owner": "ipetkov",
        "repo": "crane",
        "rev": "afdcd41180e3dfe4dac46b5ee396e3b12ccc967a",
        "type": "github"
      },
      "original": {
        "owner": "ipetkov",
        "repo": "crane",
        "type": "github"
      }
    },
    "fenix": {
      "inputs": {
        "nixpkgs": [
          "nixpkgs"
        ],
        "rust-analyzer-src": []
      },
      "locked": {
        "lastModified": 1703917281,
        "narHash": "sha256-fmhKbANx4PLG/Rt/QvKBsAdmyl8vAGQfROtccenMonw=",
        "owner": "nix-community",
        "repo": "fenix",
        "rev": "8ad4353759945bec3a5f4bfc53efe818bb41e12a",
        "type": "github"
      },
      "original": {
        "owner": "nix-community",
        "repo": "fenix",
        "type": "github"
      }
    },
    "nixpkgs": {
      "locked": {
        "lastModified": 1703637592,
        "narHash": "sha256-8MXjxU0RfFfzl57Zy3OfXCITS0qWDNLzlBAdwxGZwfY=",
        "owner": "NixOS",
        "repo": "nixpkgs",
        "rev": "cfc3698c31b1fb9cdcf10f36c9643460264d0ca8",
        "type": "github"
      },
      "original": {
        "owner": "NixOS",
        "ref": "nixos-unstable",
        "repo": "nixpkgs",
        "type": "github"
      }
    },
    "root": {
      "inputs": {
        "advisory-db": "advisory-db",
        "crane": "crane",
        "fenix": "fenix",
        "nixpkgs": "nixpkgs",
        "tools": "tools"
      }
    },
    "tools": {
      "inputs": {
        "nixpkgs": [
          "nixpkgs"
        ]
      },
      "locked": {
        "lastModified": 1700815030,
        "narHash": "sha256-x24obS8VMX5tmf8MkJMyjG7UxxJxSiH+k063Xwyfzqg=",
        "owner": "RGBCube",
        "repo": "FlakeTools",
        "rev": "7fd62102ff360783e0fcd1f4eb434d90d06694c8",
        "type": "github"
      },
      "original": {
        "owner": "RGBCube",
        "repo": "FlakeTools",
        "type": "github"
      }
    }
  },
  "root": "root",
  "version": 7
}
